
Microsoft Visual Studio Solution File, Format Version 12.00
# Visual Studio Version 17
VisualStudioVersion = 17.8.34408.163
MinimumVisualStudioVersion = 10.0.40219.1
Project("{FAE04EC0-301F-11D3-BF4B-00C04F79EFBC}") = "JSON_db-demo", "JSON_db-demo\JSON_db-demo.csproj", "{D3051D48-DEBC-4DA5-9321-2921F063D689}"
EndProject
Project("{FAE04EC0-301F-11D3-BF4B-00C04F79EFBC}") = "JSON_db", "JSON_db\JSON_db.csproj", "{FB6E081A-58B1-4E53-8C67-831F55D5A5D1}"
EndProject
Global
	GlobalSection(SolutionConfigurationPlatforms) = preSolution
		Debug|Any CPU = Debug|Any CPU
		Release|Any CPU = Release|Any CPU
	EndGlobalSection
	GlobalSection(ProjectConfigurationPlatforms) = postSolution
		{D3051D48-DEBC-4DA5-9321-2921F063D689}.Debug|Any CPU.ActiveCfg = Debug|Any CPU
		{D3051D48-DEBC-4DA5-9321-2921F063D689}.Debug|Any CPU.Build.0 = Debug|Any CPU
		{D3051D48-DEBC-4DA5-9321-2921F063D689}.Release|Any CPU.ActiveCfg = Release|Any CPU
		{D3051D48-DEBC-4DA5-9321-2921F063D689}.Release|Any CPU.Build.0 = Release|Any CPU
		{FB6E081A-58B1-4E53-8C67-831F55D5A5D1}.Debug|Any CPU.ActiveCfg = Debug|Any CPU
		{FB6E081A-58B1-4E53-8C67-831F55D5A5D1}.Debug|Any CPU.Build.0 = Debug|Any CPU
		{FB6E081A-58B1-4E53-8C67-831F55D5A5D1}.Release|Any CPU.ActiveCfg = Release|Any CPU
		{FB6E081A-58B1-4E53-8C67-831F55D5A5D1}.Release|Any CPU.Build.0 = Release|Any CPU
	EndGlobalSection
	GlobalSection(SolutionProperties) = preSolution
		HideSolutionNode = FALSE
	EndGlobalSection
	GlobalSection(ExtensibilityGlobals) = postSolution
		SolutionGuid = {68970AD0-B56D-491D-877E-1A929E907EB6}
	EndGlobalSection
EndGlobal
